uuid: 86dc99d4-be24-473d-850c-ba16290f0160
langcode: en
status: true
dependencies:
  config:
    - block_content.type.deals
    - commerce_product.commerce_product_type.basic_product
    - commerce_product.commerce_product_type.clothing
    - commerce_product.commerce_product_type.default
    - commerce_product.commerce_product_type.shoe
    - field.storage.block_content.field_product_block
id: block_content.deals.field_product_block
field_name: field_product_block
entity_type: block_content
bundle: deals
label: 'Product Block'
description: ''
required: false
translatable: false
default_value: {  }
default_value_callback: ''
settings:
  handler: 'default:commerce_product'
  handler_settings:
    target_bundles:
      basic_product: basic_product
      clothing: clothing
      default: default
      shoe: shoe
    sort:
      field: _none
    auto_create: false
    auto_create_bundle: basic_product
field_type: entity_reference
