uuid: 874176e3-213d-4cba-bddf-7679950a883b
langcode: en
status: true
dependencies:
  config:
    - block_content.type.banner_block
    - field.storage.block_content.field_block
    - node.type.banner
id: block_content.banner_block.field_block
field_name: field_block
entity_type: block_content
bundle: banner_block
label: Banner
description: ''
required: false
translatable: false
default_value: {  }
default_value_callback: ''
settings:
  handler: 'default:node'
  handler_settings:
    target_bundles:
      banner: banner
    sort:
      field: _none
    auto_create: false
    auto_create_bundle: ''
field_type: entity_reference
